
Microsoft Visual Studio Solution File, Format Version 11.00
# Visual Studio 2010
Project("{FAE04EC0-301F-11D3-BF4B-00C04F79EFBC}") = "AutoCompleteWithRx", "AutoCompleteWithRx\AutoCompleteWithRx.csproj", "{E2C9D8C9-7ECA-4BB9-9B1A-B7BAA51CF64E}"
EndProject
Project("{2150E333-8FDC-42A3-9474-1A3956D46DE8}") = "Solution Items", "Solution Items", "{95AD3289-2985-4D46-84B0-8B7C673F7FCF}"
	ProjectSection(SolutionItems) = preProject
		UseCases.txt = UseCases.txt
	EndProjectSection
EndProject
Global
	
	GlobalSection(SolutionConfigurationPlatforms) = preSolution
		Debug|x86 = Debug|x86
		Release|x86 = Release|x86
	EndGlobalSection
	GlobalSection(ProjectConfigurationPlatforms) = postSolution
		{E2C9D8C9-7ECA-4BB9-9B1A-B7BAA51CF64E}.Debug|x86.ActiveCfg = Debug|x86
		{E2C9D8C9-7ECA-4BB9-9B1A-B7BAA51CF64E}.Debug|x86.Build.0 = Debug|x86
		{E2C9D8C9-7ECA-4BB9-9B1A-B7BAA51CF64E}.Release|x86.ActiveCfg = Release|x86
		{E2C9D8C9-7ECA-4BB9-9B1A-B7BAA51CF64E}.Release|x86.Build.0 = Release|x86
	EndGlobalSection
	GlobalSection(SolutionProperties) = preSolution
		HideSolutionNode = FALSE
	EndGlobalSection
EndGlobal
